
Microsoft Visual Studio Solution File, Format Version 12.00
# Visual Studio Version 16
VisualStudioVersion = 16.0.30523.141
MinimumVisualStudioVersion = 10.0.40219.1
Project("{9A19103F-16F7-4668-BE54-9A1E7A4F7556}") = "SnakeAndLadders", "SnakeAndLadders.csproj", "{1095EC76-BA54-4786-87C5-637CE2754820}"
EndProject
Project("{9A19103F-16F7-4668-BE54-9A1E7A4F7556}") = "SnakeAndLadders.Host", "..\SnakeAndLadders.Consol\SnakeAndLadders.Host.csproj", "{8FBE063A-EA45-4C34-9D93-3EDBE9EC0EFF}"
EndProject
Project("{FAE04EC0-301F-11D3-BF4B-00C04F79EFBC}") = "SnakeAndLadder.UnitTest", "..\SnakeAndLadder.UnitTest\SnakeAndLadder.UnitTest.csproj", "{20E1D56D-8AFB-476A-8008-7283BC0A8A6B}"
EndProject
Global
	GlobalSection(SolutionConfigurationPlatforms) = preSolution
		Debug|Any CPU = Debug|Any CPU
		Release|Any CPU = Release|Any CPU
	EndGlobalSection
	GlobalSection(ProjectConfigurationPlatforms) = postSolution
		{1095EC76-BA54-4786-87C5-637CE2754820}.Debug|Any CPU.ActiveCfg = Debug|Any CPU
		{1095EC76-BA54-4786-87C5-637CE2754820}.Debug|Any CPU.Build.0 = Debug|Any CPU
		{1095EC76-BA54-4786-87C5-637CE2754820}.Release|Any CPU.ActiveCfg = Release|Any CPU
		{1095EC76-BA54-4786-87C5-637CE2754820}.Release|Any CPU.Build.0 = Release|Any CPU
		{8FBE063A-EA45-4C34-9D93-3EDBE9EC0EFF}.Debug|Any CPU.ActiveCfg = Debug|Any CPU
		{8FBE063A-EA45-4C34-9D93-3EDBE9EC0EFF}.Debug|Any CPU.Build.0 = Debug|Any CPU
		{8FBE063A-EA45-4C34-9D93-3EDBE9EC0EFF}.Release|Any CPU.ActiveCfg = Release|Any CPU
		{8FBE063A-EA45-4C34-9D93-3EDBE9EC0EFF}.Release|Any CPU.Build.0 = Release|Any CPU
		{20E1D56D-8AFB-476A-8008-7283BC0A8A6B}.Debug|Any CPU.ActiveCfg = Debug|Any CPU
		{20E1D56D-8AFB-476A-8008-7283BC0A8A6B}.Debug|Any CPU.Build.0 = Debug|Any CPU
		{20E1D56D-8AFB-476A-8008-7283BC0A8A6B}.Release|Any CPU.ActiveCfg = Release|Any CPU
		{20E1D56D-8AFB-476A-8008-7283BC0A8A6B}.Release|Any CPU.Build.0 = Release|Any CPU
	EndGlobalSection
	GlobalSection(SolutionProperties) = preSolution
		HideSolutionNode = FALSE
	EndGlobalSection
	GlobalSection(ExtensibilityGlobals) = postSolution
		SolutionGuid = {E53BE953-02E0-4C1A-B869-4EB59F96D158}
	EndGlobalSection
EndGlobal
